{
    "_meta": {
        "hash": {
            "sha256": "e5cfeb91e933338198f8f81ca4d8bc4b071903c2710897380aae30b91f306b58"
        },
        "pipfile-spec": 6,
        "requires": {
            "python_full_version": "3.9.10",
            "python_version": "3.9"
        },
        "sources": [
            {
                "name": "pypi",
                "url": "https://pypi.org/simple",
                "verify_ssl": true
            }
        ]
    },
    "default": {
        "entrypoints": {
            "hashes": [
                "sha256:b706eddaa9218a19ebcd67b56818f05bb27589b1ca9e8d797b74affad4ccacd4",
                "sha256:f174b5ff827504fd3cd97cc3f8649f3693f51538c7e4bdf3ef002c8429d42f9f"
            ],
            "markers": "python_version >= '3.6'",
            "version": "==0.4"
        },
        "jupyter-client": {
            "hashes": [
                "sha256:214668aaea208195f4c13d28eb272ba79f945fc0cf3f11c7092c20b2ca1980e7",
                "sha256:52be28e04171f07aed8f20e1616a5a552ab9fee9cbbe6c1896ae170c3880d392"
            ],
            "markers": "python_version >= '3.7'",
            "version": "==7.4.9"
        },
        "jupyter-core": {
            "hashes": [
                "sha256:82e1cff0ef804c38677eff7070d5ff1d45037fef01a2d9ba9e6b7b8201831e9f",
                "sha256:d23ab7db81ca1759f13780cd6b65f37f59bf8e0186ac422d5ca4982cc7d56716"
            ],
            "markers": "python_version >= '3.8'",
            "version": "==5.1.3"
        },
        "nest-asyncio": {
            "hashes": [
                "sha256:b9a953fb40dceaa587d109609098db21900182b16440652454a146cffb06e8b8",
                "sha256:d267cc1ff794403f7df692964d1d2a3fa9418ffea2a3f6859a439ff482fef290"
            ],
            "markers": "python_version >= '3.5'",
            "version": "==1.5.6"
        },
        "platformdirs": {
            "hashes": [
                "sha256:83c8f6d04389165de7c9b6f0c682439697887bca0aa2f1c87ef1826be3584490",
                "sha256:e1fea1fe471b9ff8332e229df3cb7de4f53eeea4998d3b6bfff542115e998bd2"
            ],
            "markers": "python_version >= '3.7'",
            "version": "==2.6.2"
        },
        "python-dateutil": {
            "hashes": [
                "sha256:0123cacc1627ae19ddf3c27a5de5bd67ee4586fbdd6440d9748f8abb483d3e86",
                "sha256:961d03dc3453ebbc59dbdea9e4e11c5651520a876d0f4db161e8674aae935da9"
            ],
            "markers": "python_version >= '2.7' and python_version not in '3.0, 3.1, 3.2'",
            "version": "==2.8.2"
        },
        "pyzmq": {
            "hashes": [
                "sha256:00c94fd4c9dd3c95aace0c629a7fa713627a5c80c1819326b642adf6c4b8e2a2",
                "sha256:01d53958c787cfea34091fcb8ef36003dbb7913b8e9f8f62a0715234ebc98b70",
                "sha256:0282bba9aee6e0346aa27d6c69b5f7df72b5a964c91958fc9e0c62dcae5fdcdc",
                "sha256:02f5cb60a7da1edd5591a15efa654ffe2303297a41e1b40c3c8942f8f11fc17c",
                "sha256:0645b5a2d2a06fd8eb738018490c514907f7488bf9359c6ee9d92f62e844b76f",
                "sha256:0a154ef810d44f9d28868be04641f837374a64e7449df98d9208e76c260c7ef1",
                "sha256:0a90b2480a26aef7c13cff18703ba8d68e181facb40f78873df79e6d42c1facc",
                "sha256:0e8d00228db627ddd1b418c7afd81820b38575f237128c9650365f2dd6ac3443",
                "sha256:17e1cb97d573ea84d7cd97188b42ca6f611ab3ee600f6a75041294ede58e3d20",
                "sha256:183e18742be3621acf8908903f689ec520aee3f08449bfd29f583010ca33022b",
                "sha256:1f6116991568aac48b94d6d8aaed6157d407942ea385335a6ed313692777fb9d",
                "sha256:20638121b0bdc80777ce0ec8c1f14f1ffec0697a1f88f0b564fa4a23078791c4",
                "sha256:2754fa68da08a854f4816e05160137fa938a2347276471103d31e04bcee5365c",
                "sha256:28bcb2e66224a7ac2843eb632e4109d6b161479e7a2baf24e37210461485b4f1",
                "sha256:293a7c2128690f496057f1f1eb6074f8746058d13588389981089ec45d8fdc77",
                "sha256:2a73af6504e0d2805e926abf136ebf536735a13c22f709be7113c2ec65b4bec3",
                "sha256:2d05d904f03ddf1e0d83d97341354dfe52244a619b5a1440a5f47a5b3451e84e",
                "sha256:2e7b87638ee30ab13230e37ce5331b3e730b1e0dda30120b9eeec3540ed292c8",
                "sha256:3100dddcada66ec5940ed6391ebf9d003cc3ede3d320748b2737553019f58230",
                "sha256:31e523d067ce44a04e876bed3ff9ea1ff8d1b6636d16e5fcace9d22f8c564369",
                "sha256:3594c0ff604e685d7e907860b61d0e10e46c74a9ffca168f6e9e50ea934ee440",
                "sha256:3670e8c5644768f214a3b598fe46378a4a6f096d5fb82a67dfd3440028460565",
                "sha256:4046d03100aca266e70d54a35694cb35d6654cfbef633e848b3c4a8d64b9d187",
                "sha256:4725412e27612f0d7d7c2f794d89807ad0227c2fc01dd6146b39ada49c748ef9",
                "sha256:484c2c4ee02c1edc07039f42130bd16e804b1fe81c4f428e0042e03967f40c20",
                "sha256:487305c2a011fdcf3db1f24e8814bb76d23bc4d2f46e145bc80316a59a9aa07d",
                "sha256:4a1bc30f0c18444d51e9b0d0dd39e3a4e7c53ee74190bebef238cd58de577ea9",
                "sha256:4c25c95416133942280faaf068d0fddfd642b927fb28aaf4ab201a738e597c1e",
                "sha256:4cbb885f347eba7ab7681c450dee5b14aed9f153eec224ec0c3f299273d9241f",
                "sha256:4d3d604fe0a67afd1aff906e54da557a5203368a99dcc50a70eef374f1d2abef",
                "sha256:4e295f7928a31ae0f657e848c5045ba6d693fe8921205f408ca3804b1b236968",
                "sha256:5049e75cc99db65754a3da5f079230fb8889230cf09462ec972d884d1704a3ed",
                "sha256:5050f5c50b58a6e38ccaf9263a356f74ef1040f5ca4030225d1cb1a858c5b7b6",
                "sha256:526f884a27e8bba62fe1f4e07c62be2cfe492b6d432a8fdc4210397f8cf15331",
                "sha256:531866c491aee5a1e967c286cfa470dffac1e2a203b1afda52d62b58782651e9",
                "sha256:5605621f2181f20b71f13f698944deb26a0a71af4aaf435b34dd90146092d530",
                "sha256:58fc3ad5e1cfd2e6d24741fbb1e216b388115d31b0ca6670f894187f280b6ba6",
                "sha256:60ecbfe7669d3808ffa8a7dd1487d6eb8a4015b07235e3b723d4b2a2d4de7203",
                "sha256:610d2d112acd4e5501fac31010064a6c6efd716ceb968e443cae0059eb7b86de",
                "sha256:6136bfb0e5a9cf8c60c6ac763eb21f82940a77e6758ea53516c8c7074f4ff948",
                "sha256:62b9e80890c0d2408eb42d5d7e1fc62a5ce71be3288684788f74cf3e59ffd6e2",
                "sha256:656281d496aaf9ca4fd4cea84e6d893e3361057c4707bd38618f7e811759103c",
                "sha256:66509c48f7446b640eeae24b60c9c1461799a27b1b0754e438582e36b5af3315",
                "sha256:6bf3842af37af43fa953e96074ebbb5315f6a297198f805d019d788a1021dbc8",
                "sha256:731b208bc9412deeb553c9519dca47136b5a01ca66667cafd8733211941b17e4",
                "sha256:75243e422e85a62f0ab7953dc315452a56b2c6a7e7d1a3c3109ac3cc57ed6b47",
                "sha256:7877264aa851c19404b1bb9dbe6eed21ea0c13698be1eda3784aab3036d1c861",
                "sha256:81f99fb1224d36eb91557afec8cdc2264e856f3464500b55749020ce4c848ef2",
                "sha256:8539216173135e9e89f6b1cc392e74e6b935b91e8c76106cf50e7a02ab02efe5",
                "sha256:85456f0d8f3268eecd63dede3b99d5bd8d3b306310c37d4c15141111d22baeaf",
                "sha256:866eabf7c1315ef2e93e34230db7cbf672e0d7c626b37c11f7e870c8612c3dcc",
                "sha256:926236ca003aec70574754f39703528947211a406f5c6c8b3e50eca04a9e87fc",
                "sha256:930e6ad4f2eaac31a3d0c2130619d25db754b267487ebc186c6ad18af2a74018",
                "sha256:94f0a7289d0f5c80807c37ebb404205e7deb737e8763eb176f4770839ee2a287",
                "sha256:9a2d5e419bd39a1edb6cdd326d831f0120ddb9b1ff397e7d73541bf393294973",
                "sha256:9ca6db34b26c4d3e9b0728841ec9aa39484eee272caa97972ec8c8e231b20c7e",
                "sha256:9f72ea279b2941a5203e935a4588b9ba8a48aeb9a926d9dfa1986278bd362cb8",
                "sha256:a0e7ef9ac807db50b4eb6f534c5dcc22f998f5dae920cc28873d2c1d080a4fc9",
                "sha256:a1cd4a95f176cdc0ee0a82d49d5830f13ae6015d89decbf834c273bc33eeb3d3",
                "sha256:a9c464cc508177c09a5a6122b67f978f20e2954a21362bf095a0da4647e3e908",
                "sha256:ac97e7d647d5519bcef48dd8d3d331f72975afa5c4496c95f6e854686f45e2d9",
                "sha256:af1fbfb7ad6ac0009ccee33c90a1d303431c7fb594335eb97760988727a37577",
                "sha256:b055a1cddf8035966ad13aa51edae5dc8f1bba0b5d5e06f7a843d8b83dc9b66b",
                "sha256:b6f75b4b8574f3a8a0d6b4b52606fc75b82cb4391471be48ab0b8677c82f9ed4",
                "sha256:b90bb8dfbbd138558f1f284fecfe328f7653616ff9a972433a00711d9475d1a9",
                "sha256:be05504af0619d1cffa500af1e0ede69fb683f301003851f5993b5247cc2c576",
                "sha256:c21a5f4e54a807df5afdef52b6d24ec1580153a6bcf0607f70a6e1d9fa74c5c3",
                "sha256:c48f257da280b3be6c94e05bd575eddb1373419dbb1a72c3ce64e88f29d1cd6d",
                "sha256:cac602e02341eaaf4edfd3e29bd3fdef672e61d4e6dfe5c1d065172aee00acee",
                "sha256:ccb3e1a863222afdbda42b7ca8ac8569959593d7abd44f5a709177d6fa27d266",
                "sha256:e1081d7030a1229c8ff90120346fb7599b54f552e98fcea5170544e7c6725aab",
                "sha256:e14df47c1265356715d3d66e90282a645ebc077b70b3806cf47efcb7d1d630cb",
                "sha256:e4bba04ea779a3d7ef25a821bb63fd0939142c88e7813e5bd9c6265a20c523a2",
                "sha256:e99629a976809fe102ef73e856cf4b2660acd82a412a51e80ba2215e523dfd0a",
                "sha256:f330a1a2c7f89fd4b0aa4dcb7bf50243bf1c8da9a2f1efc31daf57a2046b31f2",
                "sha256:f3f96d452e9580cb961ece2e5a788e64abaecb1232a80e61deffb28e105ff84a",
                "sha256:fc7c1421c5b1c916acf3128bf3cc7ea7f5018b58c69a6866d70c14190e600ce9"
            ],
            "markers": "python_version >= '3.6'",
            "version": "==25.0.0"
        },
        "qsharp": {
            "hashes": [
                "sha256:41851dda1fa692ac97e3c78cf648a1ab0452be717b569223646624fb5d4b36eb",
                "sha256:8e75e9cb581de57e9b79fdad79154f5f532a140f527ba617009e51e025b0ee97"
            ],
            "index": "pypi",
            "version": "==0.27.244707"
        },
        "qsharp-chemistry": {
            "hashes": [
                "sha256:8d44cd29afe8d8d9610dc7b5c79c845f4aed4e5ffa5524b68160413d6793fa6b",
                "sha256:e2f65b765b39c214fc93bf9611c22d524549dc8889b5fbeadb797c3c57ce9124"
            ],
            "version": "==0.27.244707"
        },
        "qsharp-core": {
            "hashes": [
                "sha256:6fb45de386b60c7af30786a59a440a64f345b5b1deeabfbea9d7e845a6db7dae",
                "sha256:e905754655676b6084e2ab479713cbf75727030a01a48b6d2b6f201f35d6eaf0"
            ],
            "version": "==0.27.244707"
        },
        "six": {
            "hashes": [
                "sha256:1e61c37477a1626458e36f7b1d82aa5c9b094fa4802892072e49de9c60c4c926",
                "sha256:8abb2f1d86890a2dfb989f9a77cfcfd3e47c2a354b01111771326f8aa26e0254"
            ],
            "markers": "python_version >= '2.7' and python_version not in '3.0, 3.1, 3.2'",
            "version": "==1.16.0"
        },
        "tornado": {
            "hashes": [
                "sha256:1d54d13ab8414ed44de07efecb97d4ef7c39f7438cf5e976ccd356bebb1b5fca",
                "sha256:20f638fd8cc85f3cbae3c732326e96addff0a15e22d80f049e00121651e82e72",
                "sha256:5c87076709343557ef8032934ce5f637dbb552efa7b21d08e89ae7619ed0eb23",
                "sha256:5f8c52d219d4995388119af7ccaa0bcec289535747620116a58d830e7c25d8a8",
                "sha256:6fdfabffd8dfcb6cf887428849d30cf19a3ea34c2c248461e1f7d718ad30b66b",
                "sha256:87dcafae3e884462f90c90ecc200defe5e580a7fbbb4365eda7c7c1eb809ebc9",
                "sha256:9b630419bde84ec666bfd7ea0a4cb2a8a651c2d5cccdbdd1972a0c859dfc3c13",
                "sha256:b8150f721c101abdef99073bf66d3903e292d851bee51910839831caba341a75",
                "sha256:ba09ef14ca9893954244fd872798b4ccb2367c165946ce2dd7376aebdde8e3ac",
                "sha256:d3a2f5999215a3a06a4fc218026cd84c61b8b2b40ac5296a6db1f1451ef04c1e",
                "sha256:e5f923aa6a47e133d1cf87d60700889d7eae68988704e20c75fb2d65677a8e4b"
            ],
            "markers": "python_version >= '3.7'",
            "version": "==6.2"
        },
        "traitlets": {
            "hashes": [
                "sha256:32500888f5ff7bbf3b9267ea31748fa657aaf34d56d85e60f91dda7dc7f5785b",
                "sha256:a1ca5df6414f8b5760f7c5f256e326ee21b581742114545b462b35ffe3f04861"
            ],
            "markers": "python_version >= '3.7'",
            "version": "==5.8.1"
        }
    },
    "develop": {}
}
